[[package]]
name = "atomicwrites"
sections = ["dev"]
version = "1.3.0"
marker = "python_version >= \"2.7\" and python_version not in \"3.0, 3.1, 3.2, 3.3\""
summary = "Atomic file writes."

[[package]]
name = "attrs"
sections = ["dev"]
version = "19.3.0"
marker = "python_version >= \"2.7\" and python_version not in \"3.0, 3.1, 3.2, 3.3\""
summary = "Classes Without Boilerplate"

[[package]]
name = "backports.html"
sections = ["default"]
version = "1.1.0"
marker = "python_version < \"3.4\""
summary = "Backport of Python 3.4+'s html module"

[[package]]
name = "colorama"
sections = ["dev"]
version = "0.4.3"
marker = "sys_platform == \"win32\" and python_version >= \"2.7\" and python_version not in \"3.0, 3.1, 3.2, 3.3, 3.4\""
summary = "Cross-platform colored terminal text."

[[package]]
name = "configparser"
sections = ["dev"]
version = "4.0.2"
marker = "python_version >= \"2.7\" and python_version < \"3.0\""
summary = "Updated configparser from Python 3.7 for Python 2.6+."

[[package]]
name = "contextlib2"
sections = ["dev"]
version = "0.6.0.post1"
marker = "python_version >= \"2.7\" and python_version < \"3.0\""
summary = "Backports and enhancements for the contextlib module"

[[package]]
name = "coverage"
sections = ["dev"]
version = "4.4.2"
marker = "python_version >= \"2.7\" and python_version not in \"3.0, 3.1, 3.2, 3.3\""
summary = "Code coverage measurement for Python"

[[package]]
name = "entrypoints"
sections = ["dev"]
version = "0.3"
marker = "python_version >= \"2.7\" and python_version not in \"3.0, 3.1, 3.2, 3.3\""
summary = "Discover and load entry points from installed packages."

[package.dependencies]
configparser = {marker = "python_version == \"2.7\"", version = ">=3.5"}

[[package]]
name = "enum34"
sections = ["dev"]
version = "1.1.6"
marker = "python_version >= \"2.7\" and python_version < \"3.0\""
summary = "Python 3.4 Enum backported to 3.3, 3.2, 3.1, 2.7, 2.6, 2.5, and 2.4"

[[package]]
name = "flake8"
sections = ["dev"]
version = "3.7.9"
marker = "python_version >= \"2.7\" and python_version not in \"3.0, 3.1, 3.2, 3.3\""
summary = "the modular source code checker: pep8, pyflakes and co"

[package.dependencies]
entrypoints = "<0.4.0,>=0.3.0"
pyflakes = "<2.2.0,>=2.1.0"
pycodestyle = "<2.6.0,>=2.5.0"
mccabe = "<0.7.0,>=0.6.0"
configparser = {marker = "python_version < \"3.2\"", version = "*"}
functools32 = {marker = "python_version < \"3.2\"", version = "*"}
enum34 = {marker = "python_version < \"3.4\"", version = "*"}
typing = {marker = "python_version < \"3.5\"", version = "*"}

[[package]]
name = "funcsigs"
sections = ["dev"]
version = "1.0.2"
marker = "python_version >= \"2.7\" and python_version < \"3.0\""
summary = "Python function signatures from PEP362 for Python 2.6, 2.7 and 3.2+"

[[package]]
name = "functools32"
sections = ["dev"]
version = "3.2.3.post2"
marker = "python_version >= \"2.7\" and python_version < \"3.0\""
summary = "Backport of the functools module from Python 3.2.3 for use on 2.7 and PyPy."

[[package]]
name = "importlib-metadata"
sections = ["dev"]
version = "1.5.0"
marker = "python_version >= \"2.7\" and python_version < \"3.8\" and python_version not in \"3.0, 3.1, 3.2, 3.3, 3.4\""
summary = "Read metadata from Python packages"

[package.dependencies]
zipp = ">=0.5"
pathlib2 = {marker = "python_version < \"3\"", version = "*"}
contextlib2 = {marker = "python_version < \"3\"", version = "*"}
configparser = {marker = "python_version < \"3\"", version = ">=3.5"}

[[package]]
name = "mccabe"
sections = ["dev"]
version = "0.6.1"
marker = "python_version >= \"2.7\" and python_version not in \"3.0, 3.1, 3.2, 3.3\""
summary = "McCabe checker, plugin for flake8"

[[package]]
name = "more-itertools"
sections = ["dev"]
version = "5.0.0"
summary = "More routines for operating on iterables, beyond itertools"

[package.dependencies]
six = "<2.0.0,>=1.0.0"

[[package]]
name = "packaging"
sections = ["dev"]
version = "20.1"
marker = "python_version >= \"2.7\" and python_version not in \"3.0, 3.1, 3.2, 3.3\""
summary = "Core utilities for Python packages"

[package.dependencies]
pyparsing = ">=2.0.2"
six = "*"

[[package]]
name = "pathlib2"
sections = ["dev"]
version = "2.3.5"
marker = "python_version >= \"2.7\" and python_version < \"3.6\""
summary = "Object-oriented filesystem paths"

[package.dependencies]
scandir = {marker = "python_version < \"3.5\"", version = "*"}
six = "*"

[[package]]
name = "pluggy"
sections = ["dev"]
version = "0.13.1"
marker = "python_version >= \"2.7\" and python_version not in \"3.0, 3.1, 3.2, 3.3\""
summary = "plugin and hook calling mechanisms for python"

[package.dependencies]
importlib-metadata = {marker = "python_version < \"3.8\"", version = ">=0.12"}

[[package]]
name = "py"
sections = ["dev"]
version = "1.8.1"
marker = "python_version >= \"2.7\" and python_version not in \"3.0, 3.1, 3.2, 3.3\""
summary = "library with cross-python path, ini-parsing, io, code, log facilities"

[[package]]
name = "pycodestyle"
sections = ["dev"]
version = "2.5.0"
marker = "python_version >= \"2.7\" and python_version not in \"3.0, 3.1, 3.2, 3.3\""
summary = "Python style guide checker"

[[package]]
name = "pyflakes"
sections = ["dev"]
version = "2.1.1"
marker = "python_version >= \"2.7\" and python_version not in \"3.0, 3.1, 3.2, 3.3\""
summary = "passive checker of Python programs"

[[package]]
name = "pygments"
sections = ["codehilite"]
version = "2.5.2"
marker = "python_version >= \"2.7\" and python_version not in \"3.0, 3.1, 3.2, 3.3, 3.4\""
summary = "Pygments is a syntax highlighting package written in Python."

[[package]]
name = "pyparsing"
sections = ["dev"]
version = "2.4.6"
marker = "python_version >= \"2.7\" and python_version not in \"3.0, 3.1, 3.2, 3.3\""
summary = "Python parsing module"

[[package]]
name = "pytest"
sections = ["dev"]
version = "4.6.9"
marker = "python_version >= \"2.7\" and python_version not in \"3.0, 3.1, 3.2, 3.3\""
summary = "pytest: simple powerful testing with Python"

[package.dependencies]
py = ">=1.5.0"
six = ">=1.10.0"
packaging = "*"
attrs = ">=17.4.0"
atomicwrites = ">=1.0"
pluggy = "<1.0,>=0.12"
wcwidth = "*"
funcsigs = {marker = "python_version < \"3.0\"", version = ">=1.0"}
pathlib2 = {marker = "python_version < \"3.6\"", version = ">=2.2.0"}
importlib-metadata = {marker = "python_version < \"3.8\"", version = ">=0.12"}
more-itertools = {marker = "python_version > \"2.7\"", version = ">=4.0.0"}
colorama = {marker = "sys_platform == \"win32\" and python_version != \"3.4\"", version = "*"}

[[package]]
name = "pytest-cov"
sections = ["dev"]
version = "2.8.1"
marker = "python_version >= \"2.7\" and python_version not in \"3.0, 3.1, 3.2, 3.3\""
summary = "Pytest plugin for measuring coverage."

[package.dependencies]
pytest = ">=3.6"
coverage = ">=4.4"

[[package]]
name = "python-slugify"
sections = ["toc"]
version = "4.0.0"
marker = "python_version >= \"2.7\" and python_version not in \"3.0, 3.1, 3.2, 3.3, 3.4\""
summary = "A Python Slugify application that handles Unicode"

[package.dependencies]
text-unidecode = ">=1.3"

[[package]]
name = "scandir"
sections = ["dev"]
version = "1.10.0"
marker = "python_version >= \"2.7\" and python_version < \"3.5\""
summary = "scandir, a better directory iterator and faster os.walk()"

[[package]]
name = "six"
sections = ["dev"]
version = "1.14.0"
marker = "python_version >= \"2.7\" and python_version not in \"3.0, 3.1, 3.2\""
summary = "Python 2 and 3 compatibility utilities"

[[package]]
name = "text-unidecode"
sections = ["toc"]
version = "1.3"
marker = "python_version >= \"2.7\" and python_version not in \"3.0, 3.1, 3.2, 3.3, 3.4\""
summary = "The most basic Text::Unidecode port"

[[package]]
name = "typing"
sections = ["dev"]
version = "3.7.4.1"
marker = "python_version >= \"2.7\" and python_version < \"3.5\" and python_version not in \"3.0, 3.1, 3.2, 3.3\""
summary = "Type Hints for Python"

[[package]]
name = "wcwidth"
sections = ["dev"]
version = "0.1.8"
marker = "python_version >= \"2.7\" and python_version not in \"3.0, 3.1, 3.2, 3.3\""
summary = "Measures number of Terminal column cells of wide-character codes"

[[package]]
name = "zipp"
sections = ["dev"]
version = "1.2.0"
marker = "python_version >= \"2.7\" and python_version < \"3.8\" and python_version not in \"3.0, 3.1, 3.2, 3.3, 3.4\""
summary = "Backport of pathlib-compatible object wrapper for zip files"

[package.dependencies]
contextlib2 = {marker = "python_version < \"3.4\"", version = "*"}

[metadata]
"atomicwrites 1.3.0" = [
    {file = "atomicwrites-1.3.0-py2.py3-none-any.whl", hash = "sha256:03472c30eb2c5d1ba9227e4c2ca66ab8287fbfbbda3888aa93dc2e28fc6811b4"},
    {file = "atomicwrites-1.3.0.tar.gz", hash = "sha256:75a9445bac02d8d058d5e1fe689654ba5a6556a1dfd8ce6ec55a0ed79866cfa6"},
]
"attrs 19.3.0" = [
    {file = "attrs-19.3.0-py2.py3-none-any.whl", hash = "sha256:08a96c641c3a74e44eb59afb61a24f2cb9f4d7188748e76ba4bb5edfa3cb7d1c"},
    {file = "attrs-19.3.0.tar.gz", hash = "sha256:f7b7ce16570fe9965acd6d30101a28f62fb4a7f9e926b3bbc9b61f8b04247e72"},
]
"backports.html 1.1.0" = [
    {file = "backports.html-1.1.0-py2.py3-none-any.whl", hash = "sha256:1593d96c82de0c7360175b847515bfcd5b0d2292801423951d6062e2d6c9bd91"},
    {file = "backports.html-1.1.0.tar.gz", hash = "sha256:07e3e1941f4ae4fbd0f3353af282f2d737a7b9376d1f9106f0022ce0a88f31b2"},
]
"colorama 0.4.3" = [
    {file = "colorama-0.4.3-py2.py3-none-any.whl", hash = "sha256:7d73d2a99753107a36ac6b455ee49046802e59d9d076ef8e47b61499fa29afff"},
    {file = "colorama-0.4.3.tar.gz", hash = "sha256:e96da0d330793e2cb9485e9ddfd918d456036c7149416295932478192f4436a1"},
]
"configparser 4.0.2" = [
    {file = "configparser-4.0.2-py2.py3-none-any.whl", hash = "sha256:254c1d9c79f60c45dfde850850883d5aaa7f19a23f13561243a050d5a7c3fe4c"},
    {file = "configparser-4.0.2.tar.gz", hash = "sha256:c7d282687a5308319bf3d2e7706e575c635b0a470342641c93bea0ea3b5331df"},
]
"contextlib2 0.6.0.post1" = [
    {file = "contextlib2-0.6.0.post1-py2.py3-none-any.whl", hash = "sha256:3355078a159fbb44ee60ea80abd0d87b80b78c248643b49aa6d94673b413609b"},
    {file = "contextlib2-0.6.0.post1.tar.gz", hash = "sha256:01f490098c18b19d2bd5bb5dc445b2054d2fa97f09a4280ba2c5f3c394c8162e"},
]
"coverage 4.4.2" = [
    {file = "coverage-4.4.2-cp26-cp26m-macosx_10_10_x86_64.whl", hash = "sha256:d1ee76f560c3c3e8faada866a07a32485445e16ed2206ac8378bd90dadffb9f0"},
    {file = "coverage-4.4.2-cp26-cp26m-manylinux1_i686.whl", hash = "sha256:007eeef7e23f9473622f7d94a3e029a45d55a92a1f083f0f3512f5ab9a669b05"},
    {file = "coverage-4.4.2-cp26-cp26m-manylinux1_x86_64.whl", hash = "sha256:17307429935f96c986a1b1674f78079528833410750321d22b5fb35d1883828e"},
    {file = "coverage-4.4.2-cp26-cp26mu-manylinux1_i686.whl", hash = "sha256:845fddf89dca1e94abe168760a38271abfc2e31863fbb4ada7f9a99337d7c3dc"},
    {file = "coverage-4.4.2-cp26-cp26mu-manylinux1_x86_64.whl", hash = "sha256:3f4d0b3403d3e110d2588c275540649b1841725f5a11a7162620224155d00ba2"},
    {file = "coverage-4.4.2-cp27-cp27m-macosx_10_12_intel.whl", hash = "sha256:4c4f368ffe1c2e7602359c2c50233269f3abe1c48ca6b288dcd0fb1d1c679733"},
    {file = "coverage-4.4.2-cp27-cp27m-macosx_10_12_x86_64.whl", hash = "sha256:f8c55dd0f56d3d618dfacf129e010cbe5d5f94b6951c1b2f13ab1a2f79c284da"},
    {file = "coverage-4.4.2-cp27-cp27m-manylinux1_i686.whl", hash = "sha256:cdd92dd9471e624cd1d8c1a2703d25f114b59b736b0f1f659a98414e535ffb3d"},
    {file = "coverage-4.4.2-cp27-cp27m-manylinux1_x86_64.whl", hash = "sha256:2ad357d12971e77360034c1596011a03f50c0f9e1ecd12e081342b8d1aee2236"},
    {file = "coverage-4.4.2-cp27-cp27m-win32.whl", hash = "sha256:700d7579995044dc724847560b78ac786f0ca292867447afda7727a6fbaa082e"},
    {file = "coverage-4.4.2-cp27-cp27m-win_amd64.whl", hash = "sha256:66f393e10dd866be267deb3feca39babba08ae13763e0fc7a1063cbe1f8e49f6"},
    {file = "coverage-4.4.2-cp27-cp27mu-manylinux1_i686.whl", hash = "sha256:e9a0e1caed2a52f15c96507ab78a48f346c05681a49c5b003172f8073da6aa6b"},
    {file = "coverage-4.4.2-cp27-cp27mu-manylinux1_x86_64.whl", hash = "sha256:eea9135432428d3ca7ee9be86af27cb8e56243f73764a9b6c3e0bda1394916be"},
    {file = "coverage-4.4.2-cp33-cp33m-macosx_10_10_x86_64.whl", hash = "sha256:5ff16548492e8a12e65ff3d55857ccd818584ed587a6c2898a9ebbe09a880674"},
    {file = "coverage-4.4.2-cp33-cp33m-manylinux1_i686.whl", hash = "sha256:d00e29b78ff610d300b2c37049a41234d48ea4f2d2581759ebcf67caaf731c31"},
    {file = "coverage-4.4.2-cp33-cp33m-manylinux1_x86_64.whl", hash = "sha256:87d942863fe74b1c3be83a045996addf1639218c2cb89c5da18c06c0fe3917ea"},
    {file = "coverage-4.4.2-cp34-cp34m-macosx_10_10_x86_64.whl", hash = "sha256:358d635b1fc22a425444d52f26287ae5aea9e96e254ff3c59c407426f44574f4"},
    {file = "coverage-4.4.2-cp34-cp34m-manylinux1_i686.whl", hash = "sha256:81912cfe276e0069dca99e1e4e6be7b06b5fc8342641c6b472cb2fed7de7ae18"},
    {file = "coverage-4.4.2-cp34-cp34m-manylinux1_x86_64.whl", hash = "sha256:079248312838c4c8f3494934ab7382a42d42d5f365f0cf7516f938dbb3f53f3f"},
    {file = "coverage-4.4.2-cp34-cp34m-win32.whl", hash = "sha256:b0059630ca5c6b297690a6bf57bf2fdac1395c24b7935fd73ee64190276b743b"},
    {file = "coverage-4.4.2-cp34-cp34m-win_amd64.whl", hash = "sha256:493082f104b5ca920e97a485913de254cbe351900deed72d4264571c73464cd0"},
    {file = "coverage-4.4.2-cp35-cp35m-macosx_10_10_x86_64.whl", hash = "sha256:e3ba9b14607c23623cf38f90b23f5bed4a3be87cbfa96e2e9f4eabb975d1e98b"},
    {file = "coverage-4.4.2-cp35-cp35m-manylinux1_i686.whl", hash = "sha256:82cbd3317320aa63c65555aa4894bf33a13fb3a77f079059eb5935eea415938d"},
    {file = "coverage-4.4.2-cp35-cp35m-manylinux1_x86_64.whl", hash = "sha256:9721f1b7275d3112dc7ccf63f0553c769f09b5c25a26ee45872c7f5c09edf6c1"},
    {file = "coverage-4.4.2-cp35-cp35m-win32.whl", hash = "sha256:bd4800e32b4c8d99c3a2c943f1ac430cbf80658d884123d19639bcde90dad44a"},
    {file = "coverage-4.4.2-cp35-cp35m-win_amd64.whl", hash = "sha256:f29841e865590af72c4b90d7b5b8e93fd560f5dea436c1d5ee8053788f9285de"},
    {file = "coverage-4.4.2-cp36-cp36m-macosx_10_12_x86_64.whl", hash = "sha256:f3a5c6d054c531536a83521c00e5d4004f1e126e2e2556ce399bef4180fbe540"},
    {file = "coverage-4.4.2-cp36-cp36m-manylinux1_i686.whl", hash = "sha256:dd707a21332615108b736ef0b8513d3edaf12d2a7d5fc26cd04a169a8ae9b526"},
    {file = "coverage-4.4.2-cp36-cp36m-manylinux1_x86_64.whl", hash = "sha256:2e1a5c6adebb93c3b175103c2f855eda957283c10cf937d791d81bef8872d6ca"},
    {file = "coverage-4.4.2-cp36-cp36m-win32.whl", hash = "sha256:f87f522bde5540d8a4b11df80058281ac38c44b13ce29ced1e294963dd51a8f8"},
    {file = "coverage-4.4.2-cp36-cp36m-win_amd64.whl", hash = "sha256:a7cfaebd8f24c2b537fa6a271229b051cdac9c1734bb6f939ccfc7c055689baa"},
    {file = "coverage-4.4.2.tar.gz", hash = "sha256:309d91bd7a35063ec7a0e4d75645488bfab3f0b66373e7722f23da7f5b0f34cc"},
]
"entrypoints 0.3" = [
    {file = "entrypoints-0.3-py2.py3-none-any.whl", hash = "sha256:589f874b313739ad35be6e0cd7efde2a4e9b6fea91edcc34e58ecbb8dbe56d19"},
    {file = "entrypoints-0.3.tar.gz", hash = "sha256:c70dd71abe5a8c85e55e12c19bd91ccfeec11a6e99044204511f9ed547d48451"},
]
"enum34 1.1.6" = [
    {file = "enum34-1.1.6-py2-none-any.whl", hash = "sha256:6bd0f6ad48ec2aa117d3d141940d484deccda84d4fcd884f5c3d93c23ecd8c79"},
    {file = "enum34-1.1.6-py3-none-any.whl", hash = "sha256:644837f692e5f550741432dd3f223bbb9852018674981b1664e5dc339387588a"},
    {file = "enum34-1.1.6.tar.gz", hash = "sha256:8ad8c4783bf61ded74527bffb48ed9b54166685e4230386a9ed9b1279e2df5b1"},
    {file = "enum34-1.1.6.zip", hash = "sha256:2d81cbbe0e73112bdfe6ef8576f2238f2ba27dd0d55752a776c41d38b7da2850"},
]
"flake8 3.7.9" = [
    {file = "flake8-3.7.9-py2.py3-none-any.whl", hash = "sha256:49356e766643ad15072a789a20915d3c91dc89fd313ccd71802303fd67e4deca"},
    {file = "flake8-3.7.9.tar.gz", hash = "sha256:45681a117ecc81e870cbf1262835ae4af5e7a8b08e40b944a8a6e6b895914cfb"},
]
"funcsigs 1.0.2" = [
    {file = "funcsigs-1.0.2-py2.py3-none-any.whl", hash = "sha256:330cc27ccbf7f1e992e69fef78261dc7c6569012cf397db8d3de0234e6c937ca"},
    {file = "funcsigs-1.0.2.tar.gz", hash = "sha256:a7bb0f2cf3a3fd1ab2732cb49eba4252c2af4240442415b4abce3b87022a8f50"},
]
"functools32 3.2.3.post2" = [
    {file = "functools32-3.2.3-2.tar.gz", hash = "sha256:f6253dfbe0538ad2e387bd8fdfd9293c925d63553f5813c4e587745416501e6d"},
    {file = "functools32-3.2.3-2.zip", hash = "sha256:89d824aa6c358c421a234d7f9ee0bd75933a67c29588ce50aaa3acdf4d403fa0"},
]
"importlib-metadata 1.5.0" = [
    {file = "importlib_metadata-1.5.0-py2.py3-none-any.whl", hash = "sha256:b97607a1a18a5100839aec1dc26a1ea17ee0d93b20b0f008d80a5a050afb200b"},
    {file = "importlib_metadata-1.5.0.tar.gz", hash = "sha256:06f5b3a99029c7134207dd882428a66992a9de2bef7c2b699b5641f9886c3302"},
]
"mccabe 0.6.1" = [
    {file = "mccabe-0.6.1-py2.py3-none-any.whl", hash = "sha256:ab8a6258860da4b6677da4bd2fe5dc2c659cff31b3ee4f7f5d64e79735b80d42"},
    {file = "mccabe-0.6.1.tar.gz", hash = "sha256:dd8d182285a0fe56bace7f45b5e7d1a6ebcbf524e8f3bd87eb0f125271b8831f"},
]
"more-itertools 5.0.0" = [
    {file = "more-itertools-5.0.0.tar.gz", hash = "sha256:38a936c0a6d98a38bcc2d03fdaaedaba9f412879461dd2ceff8d37564d6522e4"},
    {file = "more_itertools-5.0.0-py2-none-any.whl", hash = "sha256:c0a5785b1109a6bd7fac76d6837fd1feca158e54e521ccd2ae8bfe393cc9d4fc"},
    {file = "more_itertools-5.0.0-py3-none-any.whl", hash = "sha256:fe7a7cae1ccb57d33952113ff4fa1bc5f879963600ed74918f1236e212ee50b9"},
]
"packaging 20.1" = [
    {file = "packaging-20.1-py2.py3-none-any.whl", hash = "sha256:170748228214b70b672c581a3dd610ee51f733018650740e98c7df862a583f73"},
    {file = "packaging-20.1.tar.gz", hash = "sha256:e665345f9eef0c621aa0bf2f8d78cf6d21904eef16a93f020240b704a57f1334"},
]
"pathlib2 2.3.5" = [
    {file = "pathlib2-2.3.5-py2.py3-none-any.whl", hash = "sha256:0ec8205a157c80d7acc301c0b18fbd5d44fe655968f5d947b6ecef5290fc35db"},
    {file = "pathlib2-2.3.5.tar.gz", hash = "sha256:6cd9a47b597b37cc57de1c05e56fb1a1c9cc9fab04fe78c29acd090418529868"},
]
"pluggy 0.13.1" = [
    {file = "pluggy-0.13.1-py2.py3-none-any.whl", hash = "sha256:966c145cd83c96502c3c3868f50408687b38434af77734af1e9ca461a4081d2d"},
    {file = "pluggy-0.13.1.tar.gz", hash = "sha256:15b2acde666561e1298d71b523007ed7364de07029219b604cf808bfa1c765b0"},
]
"py 1.8.1" = [
    {file = "py-1.8.1-py2.py3-none-any.whl", hash = "sha256:c20fdd83a5dbc0af9efd622bee9a5564e278f6380fffcacc43ba6f43db2813b0"},
    {file = "py-1.8.1.tar.gz", hash = "sha256:5e27081401262157467ad6e7f851b7aa402c5852dbcb3dae06768434de5752aa"},
]
"pycodestyle 2.5.0" = [
    {file = "pycodestyle-2.5.0-py2.py3-none-any.whl", hash = "sha256:95a2219d12372f05704562a14ec30bc76b05a5b297b21a5dfe3f6fac3491ae56"},
    {file = "pycodestyle-2.5.0.tar.gz", hash = "sha256:e40a936c9a450ad81df37f549d676d127b1b66000a6c500caa2b085bc0ca976c"},
]
"pyflakes 2.1.1" = [
    {file = "pyflakes-2.1.1-py2.py3-none-any.whl", hash = "sha256:17dbeb2e3f4d772725c777fabc446d5634d1038f234e77343108ce445ea69ce0"},
    {file = "pyflakes-2.1.1.tar.gz", hash = "sha256:d976835886f8c5b31d47970ed689944a0262b5f3afa00a5a7b4dc81e5449f8a2"},
]
"pygments 2.5.2" = [
    {file = "Pygments-2.5.2-py2.py3-none-any.whl", hash = "sha256:2a3fe295e54a20164a9df49c75fa58526d3be48e14aceba6d6b1e8ac0bfd6f1b"},
    {file = "Pygments-2.5.2.tar.gz", hash = "sha256:98c8aa5a9f778fcd1026a17361ddaf7330d1b7c62ae97c3bb0ae73e0b9b6b0fe"},
]
"pyparsing 2.4.6" = [
    {file = "pyparsing-2.4.6-py2.py3-none-any.whl", hash = "sha256:c342dccb5250c08d45fd6f8b4a559613ca603b57498511740e65cd11a2e7dcec"},
    {file = "pyparsing-2.4.6.tar.gz", hash = "sha256:4c830582a84fb022400b85429791bc551f1f4871c33f23e44f353119e92f969f"},
]
"pytest 4.6.9" = [
    {file = "pytest-4.6.9-py2.py3-none-any.whl", hash = "sha256:c77a5f30a90e0ce24db9eaa14ddfd38d4afb5ea159309bdd2dae55b931bc9324"},
    {file = "pytest-4.6.9.tar.gz", hash = "sha256:19e8f75eac01dd3f211edd465b39efbcbdc8fc5f7866d7dd49fedb30d8adf339"},
]
"pytest-cov 2.8.1" = [
    {file = "pytest-cov-2.8.1.tar.gz", hash = "sha256:cc6742d8bac45070217169f5f72ceee1e0e55b0221f54bcf24845972d3a47f2b"},
    {file = "pytest_cov-2.8.1-py2.py3-none-any.whl", hash = "sha256:cdbdef4f870408ebdbfeb44e63e07eb18bb4619fae852f6e760645fa36172626"},
]
"python-slugify 4.0.0" = [
    {file = "python-slugify-4.0.0.tar.gz", hash = "sha256:a8fc3433821140e8f409a9831d13ae5deccd0b033d4744d94b31fea141bdd84c"},
]
"scandir 1.10.0" = [
    {file = "scandir-1.10.0-cp27-cp27m-win32.whl", hash = "sha256:92c85ac42f41ffdc35b6da57ed991575bdbe69db895507af88b9f499b701c188"},
    {file = "scandir-1.10.0-cp27-cp27m-win_amd64.whl", hash = "sha256:cb925555f43060a1745d0a321cca94bcea927c50114b623d73179189a4e100ac"},
    {file = "scandir-1.10.0-cp34-cp34m-win32.whl", hash = "sha256:2c712840c2e2ee8dfaf36034080108d30060d759c7b73a01a52251cc8989f11f"},
    {file = "scandir-1.10.0-cp34-cp34m-win_amd64.whl", hash = "sha256:2586c94e907d99617887daed6c1d102b5ca28f1085f90446554abf1faf73123e"},
    {file = "scandir-1.10.0-cp35-cp35m-win32.whl", hash = "sha256:2b8e3888b11abb2217a32af0766bc06b65cc4a928d8727828ee68af5a967fa6f"},
    {file = "scandir-1.10.0-cp35-cp35m-win_amd64.whl", hash = "sha256:8c5922863e44ffc00c5c693190648daa6d15e7c1207ed02d6f46a8dcc2869d32"},
    {file = "scandir-1.10.0-cp36-cp36m-win32.whl", hash = "sha256:2ae41f43797ca0c11591c0c35f2f5875fa99f8797cb1a1fd440497ec0ae4b022"},
    {file = "scandir-1.10.0-cp36-cp36m-win_amd64.whl", hash = "sha256:7d2d7a06a252764061a020407b997dd036f7bd6a175a5ba2b345f0a357f0b3f4"},
    {file = "scandir-1.10.0-cp37-cp37m-win32.whl", hash = "sha256:67f15b6f83e6507fdc6fca22fedf6ef8b334b399ca27c6b568cbfaa82a364173"},
    {file = "scandir-1.10.0-cp37-cp37m-win_amd64.whl", hash = "sha256:b24086f2375c4a094a6b51e78b4cf7ca16c721dcee2eddd7aa6494b42d6d519d"},
    {file = "scandir-1.10.0.tar.gz", hash = "sha256:4d4631f6062e658e9007ab3149a9b914f3548cb38bfb021c64f39a025ce578ae"},
]
"six 1.14.0" = [
    {file = "six-1.14.0-py2.py3-none-any.whl", hash = "sha256:8f3cd2e254d8f793e7f3d6d9df77b92252b52637291d0f0da013c76ea2724b6c"},
    {file = "six-1.14.0.tar.gz", hash = "sha256:236bdbdce46e6e6a3d61a337c0f8b763ca1e8717c03b369e87a7ec7ce1319c0a"},
]
"text-unidecode 1.3" = [
    {file = "text-unidecode-1.3.tar.gz", hash = "sha256:bad6603bb14d279193107714b288be206cac565dfa49aa5b105294dd5c4aab93"},
    {file = "text_unidecode-1.3-py2.py3-none-any.whl", hash = "sha256:1311f10e8b895935241623731c2ba64f4c455287888b18189350b67134a822e8"},
]
"typing 3.7.4.1" = [
    {file = "typing-3.7.4.1-py2-none-any.whl", hash = "sha256:c8cabb5ab8945cd2f54917be357d134db9cc1eb039e59d1606dc1e60cb1d9d36"},
    {file = "typing-3.7.4.1-py3-none-any.whl", hash = "sha256:f38d83c5a7a7086543a0f649564d661859c5146a85775ab90c0d2f93ffaa9714"},
    {file = "typing-3.7.4.1.tar.gz", hash = "sha256:91dfe6f3f706ee8cc32d38edbbf304e9b7583fb37108fef38229617f8b3eba23"},
]
"wcwidth 0.1.8" = [
    {file = "wcwidth-0.1.8-py2.py3-none-any.whl", hash = "sha256:8fd29383f539be45b20bd4df0dc29c20ba48654a41e661925e612311e9f3c603"},
    {file = "wcwidth-0.1.8.tar.gz", hash = "sha256:f28b3e8a6483e5d49e7f8949ac1a78314e740333ae305b4ba5defd3e74fb37a8"},
]
"zipp 1.2.0" = [
    {file = "zipp-1.2.0-py2.py3-none-any.whl", hash = "sha256:e0d9e63797e483a30d27e09fffd308c59a700d365ec34e93cc100844168bf921"},
    {file = "zipp-1.2.0.tar.gz", hash = "sha256:c70410551488251b0fee67b460fb9a536af8d6f9f008ad10ac51f615b6a521b1"},
]

[root]
content_hash = "md5:e0833e78201f52e0c46b3143391db4c7"
meta_version = "0.0.1"
